// !$*UTF8*$!
{
	archiveVersion = 1;
	classes = {
	};
	objectVersion = 56;
	objects = {

/* Begin PBXBuildFile section */
		A10001 /* ShaderLabApp.swift in Sources */ = {isa = PBXBuildFile; fileRef = A20001; };
		A10002 /* MockTerminalView.swift in Sources */ = {isa = PBXBuildFile; fileRef = A20002; };
		A10004 /* DebugPanel.swift in Sources */ = {isa = PBXBuildFile; fileRef = A20004; };
		A10005 /* WorkingStateOverlay.swift in Sources */ = {isa = PBXBuildFile; fileRef = A20005; };
		A10006 /* TaskFlashOverlay.swift in Sources */ = {isa = PBXBuildFile; fileRef = A20006; };
		A10007 /* InfernoShaders.metal in Sources */ = {isa = PBXBuildFile; fileRef = A20007; };
		A10008 /* InfernoPreviewOverlay.swift in Sources */ = {isa = PBXBuildFile; fileRef = A20008; };
		B10001 /* ModeOrganicFlow.metal in Sources */ = {isa = PBXBuildFile; fileRef = B20001; };
		B10002 /* ModeMandala.metal in Sources */ = {isa = PBXBuildFile; fileRef = B20002; };
		B10003 /* ModePointCloud.metal in Sources */ = {isa = PBXBuildFile; fileRef = B20003; };
		B10004 /* ModeAurora.metal in Sources */ = {isa = PBXBuildFile; fileRef = B20004; };
		B10005 /* ModePulseGrid.metal in Sources */ = {isa = PBXBuildFile; fileRef = B20005; };
		B10006 /* ModeCombined.metal in Sources */ = {isa = PBXBuildFile; fileRef = B20006; };
		B10007 /* ModeLightGrid.metal in Sources */ = {isa = PBXBuildFile; fileRef = B20007; };
		B10008 /* ModeSinebow.metal in Sources */ = {isa = PBXBuildFile; fileRef = B20008; };
		B10009 /* ModeGradientSpin.metal in Sources */ = {isa = PBXBuildFile; fileRef = B20009; };
		B10010 /* ModeCircleWave.metal in Sources */ = {isa = PBXBuildFile; fileRef = B20010; };
		B10011 /* ModeKaleidoscope.metal in Sources */ = {isa = PBXBuildFile; fileRef = B20011; };
		B10012 /* ModePlasma.metal in Sources */ = {isa = PBXBuildFile; fileRef = B20012; };
		B10013 /* ModeVoronoi.metal in Sources */ = {isa = PBXBuildFile; fileRef = B20013; };
		B10014 /* ModeSpiralGalaxy.metal in Sources */ = {isa = PBXBuildFile; fileRef = B20014; };
		B10015 /* ModeRipplePond.metal in Sources */ = {isa = PBXBuildFile; fileRef = B20015; };
		B10016 /* ModeLavaLamp.metal in Sources */ = {isa = PBXBuildFile; fileRef = B20016; };
		B10017 /* ModeSacredGeometry.metal in Sources */ = {isa = PBXBuildFile; fileRef = B20017; };
		B10018 /* ModeWarpTunnel.metal in Sources */ = {isa = PBXBuildFile; fileRef = B20018; };
		B10019 /* ModeFractalRings.metal in Sources */ = {isa = PBXBuildFile; fileRef = B20019; };
		B10020 /* ModeMoire.metal in Sources */ = {isa = PBXBuildFile; fileRef = B20020; };
		C10001 /* ModeChrysanthemum.metal in Sources */ = {isa = PBXBuildFile; fileRef = C20001; };
		C10002 /* ModeMachineElves.metal in Sources */ = {isa = PBXBuildFile; fileRef = C20002; };
		C10003 /* ModeHyperspace.metal in Sources */ = {isa = PBXBuildFile; fileRef = C20003; };
		C10004 /* ModeJewelLattice.metal in Sources */ = {isa = PBXBuildFile; fileRef = C20004; };
		C10005 /* ModeNeuralBloom.metal in Sources */ = {isa = PBXBuildFile; fileRef = C20005; };
		C10006 /* ModeEgoDissolution.metal in Sources */ = {isa = PBXBuildFile; fileRef = C20006; };
		C10007 /* ModeFoldingDimensions.metal in Sources */ = {isa = PBXBuildFile; fileRef = C20007; };
		C10008 /* ModeCymatics.metal in Sources */ = {isa = PBXBuildFile; fileRef = C20008; };
		C10009 /* ModeCosmicWeb.metal in Sources */ = {isa = PBXBuildFile; fileRef = C20009; };
		C10010 /* ModeTopographicFlow.metal in Sources */ = {isa = PBXBuildFile; fileRef = C20010; };
		C10011 /* ModeInterferenceCrystal.metal in Sources */ = {isa = PBXBuildFile; fileRef = C20011; };
		C10012 /* ModeNebulaCloud.metal in Sources */ = {isa = PBXBuildFile; fileRef = C20012; };
		C10013 /* ModeDNAHelix.metal in Sources */ = {isa = PBXBuildFile; fileRef = C20013; };
		C10014 /* ModeTessellationDance.metal in Sources */ = {isa = PBXBuildFile; fileRef = C20014; };
		C10015 /* ModeEntityPresence.metal in Sources */ = {isa = PBXBuildFile; fileRef = C20015; };
		D10001 /* ModeMetatronsCube.metal in Sources */ = {isa = PBXBuildFile; fileRef = D20001; };
		D10002 /* ModeQuantumField.metal in Sources */ = {isa = PBXBuildFile; fileRef = D20002; };
		D10003 /* ModeTimecrystal.metal in Sources */ = {isa = PBXBuildFile; fileRef = D20003; };
		D10004 /* ModeArchitectsGaze.metal in Sources */ = {isa = PBXBuildFile; fileRef = D20004; };
		D10005 /* ModeResonanceChamber.metal in Sources */ = {isa = PBXBuildFile; fileRef = D20005; };
		D10006 /* ModeVoidBloom.metal in Sources */ = {isa = PBXBuildFile; fileRef = D20006; };
		D10007 /* ModeWeaversLoom.metal in Sources */ = {isa = PBXBuildFile; fileRef = D20007; };
		D10008 /* ModeEventHorizon.metal in Sources */ = {isa = PBXBuildFile; fileRef = D20008; };
		D10009 /* ModeSigilNetwork.metal in Sources */ = {isa = PBXBuildFile; fileRef = D20009; };
		D10010 /* ModeDreamCatcher.metal in Sources */ = {isa = PBXBuildFile; fileRef = D20010; };
		E10001 /* ModeFractalMandelbrot.metal in Sources */ = {isa = PBXBuildFile; fileRef = E20001; };
		E10002 /* ModeGeometricAlchemy.metal in Sources */ = {isa = PBXBuildFile; fileRef = E20002; };
		E10003 /* ModeWormhole.metal in Sources */ = {isa = PBXBuildFile; fileRef = E20003; };
		E10004 /* ModeCelestialClockwork.metal in Sources */ = {isa = PBXBuildFile; fileRef = E20004; };
		E10005 /* ModeCrystalCavern.metal in Sources */ = {isa = PBXBuildFile; fileRef = E20005; };
		E10006 /* ModeElectricField.metal in Sources */ = {isa = PBXBuildFile; fileRef = E20006; };
		E10007 /* ModeResonance.metal in Sources */ = {isa = PBXBuildFile; fileRef = E20007; };
		E10008 /* ModeSpiritMolecule.metal in Sources */ = {isa = PBXBuildFile; fileRef = E20008; };
		E10009 /* ModeFlowerOfLife.metal in Sources */ = {isa = PBXBuildFile; fileRef = E20009; };
		E10010 /* ModeInfiniteZoom.metal in Sources */ = {isa = PBXBuildFile; fileRef = E20010; };
		E10011 /* ModeStringTheory.metal in Sources */ = {isa = PBXBuildFile; fileRef = E20011; };
		E10012 /* ModePenroseTiling.metal in Sources */ = {isa = PBXBuildFile; fileRef = E20012; };
		E10013 /* ModeAkashicField.metal in Sources */ = {isa = PBXBuildFile; fileRef = E20013; };
		E10014 /* ModeBreathOfGod.metal in Sources */ = {isa = PBXBuildFile; fileRef = E20014; };
		F10001 /* TransitionDissolve.metal in Sources */ = {isa = PBXBuildFile; fileRef = F20001; };
		F10002 /* PostProcess.metal in Sources */ = {isa = PBXBuildFile; fileRef = F20002; };
/* End PBXBuildFile section */

/* Begin PBXFileReference section */
		A20001 /* ShaderLabApp.swift */ = {isa = PBXFileReference; lastKnownFileType = sourcecode.swift; path = ShaderLabApp.swift; sourceTree = "<group>"; };
		A20002 /* MockTerminalView.swift */ = {isa = PBXFileReference; lastKnownFileType = sourcecode.swift; path = MockTerminalView.swift; sourceTree = "<group>"; };
		A20004 /* DebugPanel.swift */ = {isa = PBXFileReference; lastKnownFileType = sourcecode.swift; path = DebugPanel.swift; sourceTree = "<group>"; };
		A20005 /* WorkingStateOverlay.swift */ = {isa = PBXFileReference; lastKnownFileType = sourcecode.swift; path = WorkingStateOverlay.swift; sourceTree = "<group>"; };
		A20006 /* TaskFlashOverlay.swift */ = {isa = PBXFileReference; lastKnownFileType = sourcecode.swift; path = TaskFlashOverlay.swift; sourceTree = "<group>"; };
		A20007 /* InfernoShaders.metal */ = {isa = PBXFileReference; lastKnownFileType = sourcecode.metal; path = InfernoShaders.metal; sourceTree = "<group>"; };
		A20008 /* InfernoPreviewOverlay.swift */ = {isa = PBXFileReference; lastKnownFileType = sourcecode.swift; path = InfernoPreviewOverlay.swift; sourceTree = "<group>"; };
		A30001 /* ShaderLab.app */ = {isa = PBXFileReference; explicitFileType = wrapper.application; includeInIndex = 0; path = ShaderLab.app; sourceTree = BUILT_PRODUCTS_DIR; };
		B20001 /* ModeOrganicFlow.metal */ = {isa = PBXFileReference; lastKnownFileType = sourcecode.metal; path = ModeOrganicFlow.metal; sourceTree = "<group>"; };
		B20002 /* ModeMandala.metal */ = {isa = PBXFileReference; lastKnownFileType = sourcecode.metal; path = ModeMandala.metal; sourceTree = "<group>"; };
		B20003 /* ModePointCloud.metal */ = {isa = PBXFileReference; lastKnownFileType = sourcecode.metal; path = ModePointCloud.metal; sourceTree = "<group>"; };
		B20004 /* ModeAurora.metal */ = {isa = PBXFileReference; lastKnownFileType = sourcecode.metal; path = ModeAurora.metal; sourceTree = "<group>"; };
		B20005 /* ModePulseGrid.metal */ = {isa = PBXFileReference; lastKnownFileType = sourcecode.metal; path = ModePulseGrid.metal; sourceTree = "<group>"; };
		B20006 /* ModeCombined.metal */ = {isa = PBXFileReference; lastKnownFileType = sourcecode.metal; path = ModeCombined.metal; sourceTree = "<group>"; };
		B20007 /* ModeLightGrid.metal */ = {isa = PBXFileReference; lastKnownFileType = sourcecode.metal; path = ModeLightGrid.metal; sourceTree = "<group>"; };
		B20008 /* ModeSinebow.metal */ = {isa = PBXFileReference; lastKnownFileType = sourcecode.metal; path = ModeSinebow.metal; sourceTree = "<group>"; };
		B20009 /* ModeGradientSpin.metal */ = {isa = PBXFileReference; lastKnownFileType = sourcecode.metal; path = ModeGradientSpin.metal; sourceTree = "<group>"; };
		B20010 /* ModeCircleWave.metal */ = {isa = PBXFileReference; lastKnownFileType = sourcecode.metal; path = ModeCircleWave.metal; sourceTree = "<group>"; };
		B20011 /* ModeKaleidoscope.metal */ = {isa = PBXFileReference; lastKnownFileType = sourcecode.metal; path = ModeKaleidoscope.metal; sourceTree = "<group>"; };
		B20012 /* ModePlasma.metal */ = {isa = PBXFileReference; lastKnownFileType = sourcecode.metal; path = ModePlasma.metal; sourceTree = "<group>"; };
		B20013 /* ModeVoronoi.metal */ = {isa = PBXFileReference; lastKnownFileType = sourcecode.metal; path = ModeVoronoi.metal; sourceTree = "<group>"; };
		B20014 /* ModeSpiralGalaxy.metal */ = {isa = PBXFileReference; lastKnownFileType = sourcecode.metal; path = ModeSpiralGalaxy.metal; sourceTree = "<group>"; };
		B20015 /* ModeRipplePond.metal */ = {isa = PBXFileReference; lastKnownFileType = sourcecode.metal; path = ModeRipplePond.metal; sourceTree = "<group>"; };
		B20016 /* ModeLavaLamp.metal */ = {isa = PBXFileReference; lastKnownFileType = sourcecode.metal; path = ModeLavaLamp.metal; sourceTree = "<group>"; };
		B20017 /* ModeSacredGeometry.metal */ = {isa = PBXFileReference; lastKnownFileType = sourcecode.metal; path = ModeSacredGeometry.metal; sourceTree = "<group>"; };
		B20018 /* ModeWarpTunnel.metal */ = {isa = PBXFileReference; lastKnownFileType = sourcecode.metal; path = ModeWarpTunnel.metal; sourceTree = "<group>"; };
		B20019 /* ModeFractalRings.metal */ = {isa = PBXFileReference; lastKnownFileType = sourcecode.metal; path = ModeFractalRings.metal; sourceTree = "<group>"; };
		B20020 /* ModeMoire.metal */ = {isa = PBXFileReference; lastKnownFileType = sourcecode.metal; path = ModeMoire.metal; sourceTree = "<group>"; };
		B30001 /* ShaderUtils.h */ = {isa = PBXFileReference; lastKnownFileType = sourcecode.c.h; path = ShaderUtils.h; sourceTree = "<group>"; };
		B30002 /* WorkingStatePipeline.h */ = {isa = PBXFileReference; lastKnownFileType = sourcecode.c.h; path = WorkingStatePipeline.h; sourceTree = "<group>"; };
		C20001 /* ModeChrysanthemum.metal */ = {isa = PBXFileReference; lastKnownFileType = sourcecode.metal; path = ModeChrysanthemum.metal; sourceTree = "<group>"; };
		C20002 /* ModeMachineElves.metal */ = {isa = PBXFileReference; lastKnownFileType = sourcecode.metal; path = ModeMachineElves.metal; sourceTree = "<group>"; };
		C20003 /* ModeHyperspace.metal */ = {isa = PBXFileReference; lastKnownFileType = sourcecode.metal; path = ModeHyperspace.metal; sourceTree = "<group>"; };
		C20004 /* ModeJewelLattice.metal */ = {isa = PBXFileReference; lastKnownFileType = sourcecode.metal; path = ModeJewelLattice.metal; sourceTree = "<group>"; };
		C20005 /* ModeNeuralBloom.metal */ = {isa = PBXFileReference; lastKnownFileType = sourcecode.metal; path = ModeNeuralBloom.metal; sourceTree = "<group>"; };
		C20006 /* ModeEgoDissolution.metal */ = {isa = PBXFileReference; lastKnownFileType = sourcecode.metal; path = ModeEgoDissolution.metal; sourceTree = "<group>"; };
		C20007 /* ModeFoldingDimensions.metal */ = {isa = PBXFileReference; lastKnownFileType = sourcecode.metal; path = ModeFoldingDimensions.metal; sourceTree = "<group>"; };
		C20008 /* ModeCymatics.metal */ = {isa = PBXFileReference; lastKnownFileType = sourcecode.metal; path = ModeCymatics.metal; sourceTree = "<group>"; };
		C20009 /* ModeCosmicWeb.metal */ = {isa = PBXFileReference; lastKnownFileType = sourcecode.metal; path = ModeCosmicWeb.metal; sourceTree = "<group>"; };
		C20010 /* ModeTopographicFlow.metal */ = {isa = PBXFileReference; lastKnownFileType = sourcecode.metal; path = ModeTopographicFlow.metal; sourceTree = "<group>"; };
		C20011 /* ModeInterferenceCrystal.metal */ = {isa = PBXFileReference; lastKnownFileType = sourcecode.metal; path = ModeInterferenceCrystal.metal; sourceTree = "<group>"; };
		C20012 /* ModeNebulaCloud.metal */ = {isa = PBXFileReference; lastKnownFileType = sourcecode.metal; path = ModeNebulaCloud.metal; sourceTree = "<group>"; };
		C20013 /* ModeDNAHelix.metal */ = {isa = PBXFileReference; lastKnownFileType = sourcecode.metal; path = ModeDNAHelix.metal; sourceTree = "<group>"; };
		C20014 /* ModeTessellationDance.metal */ = {isa = PBXFileReference; lastKnownFileType = sourcecode.metal; path = ModeTessellationDance.metal; sourceTree = "<group>"; };
		C20015 /* ModeEntityPresence.metal */ = {isa = PBXFileReference; lastKnownFileType = sourcecode.metal; path = ModeEntityPresence.metal; sourceTree = "<group>"; };
		D20001 /* ModeMetatronsCube.metal */ = {isa = PBXFileReference; lastKnownFileType = sourcecode.metal; path = ModeMetatronsCube.metal; sourceTree = "<group>"; };
		D20002 /* ModeQuantumField.metal */ = {isa = PBXFileReference; lastKnownFileType = sourcecode.metal; path = ModeQuantumField.metal; sourceTree = "<group>"; };
		D20003 /* ModeTimecrystal.metal */ = {isa = PBXFileReference; lastKnownFileType = sourcecode.metal; path = ModeTimecrystal.metal; sourceTree = "<group>"; };
		D20004 /* ModeArchitectsGaze.metal */ = {isa = PBXFileReference; lastKnownFileType = sourcecode.metal; path = ModeArchitectsGaze.metal; sourceTree = "<group>"; };
		D20005 /* ModeResonanceChamber.metal */ = {isa = PBXFileReference; lastKnownFileType = sourcecode.metal; path = ModeResonanceChamber.metal; sourceTree = "<group>"; };
		D20006 /* ModeVoidBloom.metal */ = {isa = PBXFileReference; lastKnownFileType = sourcecode.metal; path = ModeVoidBloom.metal; sourceTree = "<group>"; };
		D20007 /* ModeWeaversLoom.metal */ = {isa = PBXFileReference; lastKnownFileType = sourcecode.metal; path = ModeWeaversLoom.metal; sourceTree = "<group>"; };
		D20008 /* ModeEventHorizon.metal */ = {isa = PBXFileReference; lastKnownFileType = sourcecode.metal; path = ModeEventHorizon.metal; sourceTree = "<group>"; };
		D20009 /* ModeSigilNetwork.metal */ = {isa = PBXFileReference; lastKnownFileType = sourcecode.metal; path = ModeSigilNetwork.metal; sourceTree = "<group>"; };
		D20010 /* ModeDreamCatcher.metal */ = {isa = PBXFileReference; lastKnownFileType = sourcecode.metal; path = ModeDreamCatcher.metal; sourceTree = "<group>"; };
		E20001 /* ModeFractalMandelbrot.metal */ = {isa = PBXFileReference; lastKnownFileType = sourcecode.metal; path = ModeFractalMandelbrot.metal; sourceTree = "<group>"; };
		E20002 /* ModeGeometricAlchemy.metal */ = {isa = PBXFileReference; lastKnownFileType = sourcecode.metal; path = ModeGeometricAlchemy.metal; sourceTree = "<group>"; };
		E20003 /* ModeWormhole.metal */ = {isa = PBXFileReference; lastKnownFileType = sourcecode.metal; path = ModeWormhole.metal; sourceTree = "<group>"; };
		E20004 /* ModeCelestialClockwork.metal */ = {isa = PBXFileReference; lastKnownFileType = sourcecode.metal; path = ModeCelestialClockwork.metal; sourceTree = "<group>"; };
		E20005 /* ModeCrystalCavern.metal */ = {isa = PBXFileReference; lastKnownFileType = sourcecode.metal; path = ModeCrystalCavern.metal; sourceTree = "<group>"; };
		E20006 /* ModeElectricField.metal */ = {isa = PBXFileReference; lastKnownFileType = sourcecode.metal; path = ModeElectricField.metal; sourceTree = "<group>"; };
		E20007 /* ModeResonance.metal */ = {isa = PBXFileReference; lastKnownFileType = sourcecode.metal; path = ModeResonance.metal; sourceTree = "<group>"; };
		E20008 /* ModeSpiritMolecule.metal */ = {isa = PBXFileReference; lastKnownFileType = sourcecode.metal; path = ModeSpiritMolecule.metal; sourceTree = "<group>"; };
		E20009 /* ModeFlowerOfLife.metal */ = {isa = PBXFileReference; lastKnownFileType = sourcecode.metal; path = ModeFlowerOfLife.metal; sourceTree = "<group>"; };
		E20010 /* ModeInfiniteZoom.metal */ = {isa = PBXFileReference; lastKnownFileType = sourcecode.metal; path = ModeInfiniteZoom.metal; sourceTree = "<group>"; };
		E20011 /* ModeStringTheory.metal */ = {isa = PBXFileReference; lastKnownFileType = sourcecode.metal; path = ModeStringTheory.metal; sourceTree = "<group>"; };
		E20012 /* ModePenroseTiling.metal */ = {isa = PBXFileReference; lastKnownFileType = sourcecode.metal; path = ModePenroseTiling.metal; sourceTree = "<group>"; };
		E20013 /* ModeAkashicField.metal */ = {isa = PBXFileReference; lastKnownFileType = sourcecode.metal; path = ModeAkashicField.metal; sourceTree = "<group>"; };
		E20014 /* ModeBreathOfGod.metal */ = {isa = PBXFileReference; lastKnownFileType = sourcecode.metal; path = ModeBreathOfGod.metal; sourceTree = "<group>"; };
		F20001 /* TransitionDissolve.metal */ = {isa = PBXFileReference; lastKnownFileType = sourcecode.metal; path = TransitionDissolve.metal; sourceTree = "<group>"; };
		F20002 /* PostProcess.metal */ = {isa = PBXFileReference; lastKnownFileType = sourcecode.metal; path = PostProcess.metal; sourceTree = "<group>"; };
/* End PBXFileReference section */

/* Begin PBXFrameworksBuildPhase section */
		A40001 /* Frameworks */ = {
			isa = PBXFrameworksBuildPhase;
			buildActionMask = 2147483647;
			files = (
			);
			runOnlyForDeploymentPostprocessing = 0;
		};
/* End PBXFrameworksBuildPhase section */

/* Begin PBXGroup section */
		A50001 = {
			isa = PBXGroup;
			children = (
				A50002 /* ShaderLab */,
				A50003 /* Products */,
			);
			sourceTree = "<group>";
		};
		A50002 /* ShaderLab */ = {
			isa = PBXGroup;
			children = (
				A20001 /* ShaderLabApp.swift */,
				A20002 /* MockTerminalView.swift */,
				A20005 /* WorkingStateOverlay.swift */,
				A20006 /* TaskFlashOverlay.swift */,
				A20004 /* DebugPanel.swift */,
				A20008 /* InfernoPreviewOverlay.swift */,
				A20007 /* InfernoShaders.metal */,
				B30001 /* ShaderUtils.h */,
				B30002 /* WorkingStatePipeline.h */,
				B20001 /* ModeOrganicFlow.metal */,
				B20002 /* ModeMandala.metal */,
				B20003 /* ModePointCloud.metal */,
				B20004 /* ModeAurora.metal */,
				B20005 /* ModePulseGrid.metal */,
				B20006 /* ModeCombined.metal */,
				B20007 /* ModeLightGrid.metal */,
				B20008 /* ModeSinebow.metal */,
				B20009 /* ModeGradientSpin.metal */,
				B20010 /* ModeCircleWave.metal */,
				B20011 /* ModeKaleidoscope.metal */,
				B20012 /* ModePlasma.metal */,
				B20013 /* ModeVoronoi.metal */,
				B20014 /* ModeSpiralGalaxy.metal */,
				B20015 /* ModeRipplePond.metal */,
				B20016 /* ModeLavaLamp.metal */,
				B20017 /* ModeSacredGeometry.metal */,
				B20018 /* ModeWarpTunnel.metal */,
				B20019 /* ModeFractalRings.metal */,
				B20020 /* ModeMoire.metal */,
				C20001 /* ModeChrysanthemum.metal */,
				C20002 /* ModeMachineElves.metal */,
				C20003 /* ModeHyperspace.metal */,
				C20004 /* ModeJewelLattice.metal */,
				C20005 /* ModeNeuralBloom.metal */,
				C20006 /* ModeEgoDissolution.metal */,
				C20007 /* ModeFoldingDimensions.metal */,
				C20008 /* ModeCymatics.metal */,
				C20009 /* ModeCosmicWeb.metal */,
				C20010 /* ModeTopographicFlow.metal */,
				C20011 /* ModeInterferenceCrystal.metal */,
				C20012 /* ModeNebulaCloud.metal */,
				C20013 /* ModeDNAHelix.metal */,
				C20014 /* ModeTessellationDance.metal */,
				C20015 /* ModeEntityPresence.metal */,
				D20001 /* ModeMetatronsCube.metal */,
				D20002 /* ModeQuantumField.metal */,
				D20003 /* ModeTimecrystal.metal */,
				D20004 /* ModeArchitectsGaze.metal */,
				D20005 /* ModeResonanceChamber.metal */,
				D20006 /* ModeVoidBloom.metal */,
				D20007 /* ModeWeaversLoom.metal */,
				D20008 /* ModeEventHorizon.metal */,
				D20009 /* ModeSigilNetwork.metal */,
				D20010 /* ModeDreamCatcher.metal */,
				E20001 /* ModeFractalMandelbrot.metal */,
				E20002 /* ModeGeometricAlchemy.metal */,
				E20003 /* ModeWormhole.metal */,
				E20004 /* ModeCelestialClockwork.metal */,
				E20005 /* ModeCrystalCavern.metal */,
				E20006 /* ModeElectricField.metal */,
				E20007 /* ModeResonance.metal */,
				E20008 /* ModeSpiritMolecule.metal */,
				E20009 /* ModeFlowerOfLife.metal */,
				E20010 /* ModeInfiniteZoom.metal */,
				E20011 /* ModeStringTheory.metal */,
				E20012 /* ModePenroseTiling.metal */,
				E20013 /* ModeAkashicField.metal */,
				E20014 /* ModeBreathOfGod.metal */,
				F20001 /* TransitionDissolve.metal */,
				F20002 /* PostProcess.metal */,
			);
			path = ShaderLab;
			sourceTree = "<group>";
		};
		A50003 /* Products */ = {
			isa = PBXGroup;
			children = (
				A30001 /* ShaderLab.app */,
			);
			name = Products;
			sourceTree = "<group>";
		};
/* End PBXGroup section */

/* Begin PBXNativeTarget section */
		A60001 /* ShaderLab */ = {
			isa = PBXNativeTarget;
			buildConfigurationList = A80001 /* Build configuration list for PBXNativeTarget "ShaderLab" */;
			buildPhases = (
				A70001 /* Sources */,
				A40001 /* Frameworks */,
			);
			buildRules = (
			);
			dependencies = (
			);
			name = ShaderLab;
			productName = ShaderLab;
			productReference = A30001 /* ShaderLab.app */;
			productType = "com.apple.product-type.application";
		};
/* End PBXNativeTarget section */

/* Begin PBXProject section */
		A90001 /* Project object */ = {
			isa = PBXProject;
			attributes = {
				BuildIndependentTargetsInParallel = 1;
				LastSwiftUpdateCheck = 1600;
				LastUpgradeCheck = 1600;
			};
			buildConfigurationList = A80002 /* Build configuration list for PBXProject "ShaderLab" */;
			compatibilityVersion = "Xcode 14.0";
			developmentRegion = en;
			hasScannedForEncodings = 0;
			knownRegions = (
				en,
				Base,
			);
			mainGroup = A50001;
			productRefGroup = A50003 /* Products */;
			projectDirPath = "";
			projectRoot = "";
			targets = (
				A60001 /* ShaderLab */,
			);
		};
/* End PBXProject section */

/* Begin PBXSourcesBuildPhase section */
		A70001 /* Sources */ = {
			isa = PBXSourcesBuildPhase;
			buildActionMask = 2147483647;
			files = (
				A10001 /* ShaderLabApp.swift in Sources */,
				A10002 /* MockTerminalView.swift in Sources */,
				A10004 /* DebugPanel.swift in Sources */,
				A10005 /* WorkingStateOverlay.swift in Sources */,
				A10006 /* TaskFlashOverlay.swift in Sources */,
				A10007 /* InfernoShaders.metal in Sources */,
				A10008 /* InfernoPreviewOverlay.swift in Sources */,
				B10001 /* ModeOrganicFlow.metal in Sources */,
				B10002 /* ModeMandala.metal in Sources */,
				B10003 /* ModePointCloud.metal in Sources */,
				B10004 /* ModeAurora.metal in Sources */,
				B10005 /* ModePulseGrid.metal in Sources */,
				B10006 /* ModeCombined.metal in Sources */,
				B10007 /* ModeLightGrid.metal in Sources */,
				B10008 /* ModeSinebow.metal in Sources */,
				B10009 /* ModeGradientSpin.metal in Sources */,
				B10010 /* ModeCircleWave.metal in Sources */,
				B10011 /* ModeKaleidoscope.metal in Sources */,
				B10012 /* ModePlasma.metal in Sources */,
				B10013 /* ModeVoronoi.metal in Sources */,
				B10014 /* ModeSpiralGalaxy.metal in Sources */,
				B10015 /* ModeRipplePond.metal in Sources */,
				B10016 /* ModeLavaLamp.metal in Sources */,
				B10017 /* ModeSacredGeometry.metal in Sources */,
				B10018 /* ModeWarpTunnel.metal in Sources */,
				B10019 /* ModeFractalRings.metal in Sources */,
				B10020 /* ModeMoire.metal in Sources */,
				C10001 /* ModeChrysanthemum.metal in Sources */,
				C10002 /* ModeMachineElves.metal in Sources */,
				C10003 /* ModeHyperspace.metal in Sources */,
				C10004 /* ModeJewelLattice.metal in Sources */,
				C10005 /* ModeNeuralBloom.metal in Sources */,
				C10006 /* ModeEgoDissolution.metal in Sources */,
				C10007 /* ModeFoldingDimensions.metal in Sources */,
				C10008 /* ModeCymatics.metal in Sources */,
				C10009 /* ModeCosmicWeb.metal in Sources */,
				C10010 /* ModeTopographicFlow.metal in Sources */,
				C10011 /* ModeInterferenceCrystal.metal in Sources */,
				C10012 /* ModeNebulaCloud.metal in Sources */,
				C10013 /* ModeDNAHelix.metal in Sources */,
				C10014 /* ModeTessellationDance.metal in Sources */,
				C10015 /* ModeEntityPresence.metal in Sources */,
				D10001 /* ModeMetatronsCube.metal in Sources */,
				D10002 /* ModeQuantumField.metal in Sources */,
				D10003 /* ModeTimecrystal.metal in Sources */,
				D10004 /* ModeArchitectsGaze.metal in Sources */,
				D10005 /* ModeResonanceChamber.metal in Sources */,
				D10006 /* ModeVoidBloom.metal in Sources */,
				D10007 /* ModeWeaversLoom.metal in Sources */,
				D10008 /* ModeEventHorizon.metal in Sources */,
				D10009 /* ModeSigilNetwork.metal in Sources */,
				D10010 /* ModeDreamCatcher.metal in Sources */,
				E10001 /* ModeFractalMandelbrot.metal in Sources */,
				E10002 /* ModeGeometricAlchemy.metal in Sources */,
				E10003 /* ModeWormhole.metal in Sources */,
				E10004 /* ModeCelestialClockwork.metal in Sources */,
				E10005 /* ModeCrystalCavern.metal in Sources */,
				E10006 /* ModeElectricField.metal in Sources */,
				E10007 /* ModeResonance.metal in Sources */,
				E10008 /* ModeSpiritMolecule.metal in Sources */,
				E10009 /* ModeFlowerOfLife.metal in Sources */,
				E10010 /* ModeInfiniteZoom.metal in Sources */,
				E10011 /* ModeStringTheory.metal in Sources */,
				E10012 /* ModePenroseTiling.metal in Sources */,
				E10013 /* ModeAkashicField.metal in Sources */,
				E10014 /* ModeBreathOfGod.metal in Sources */,
				F10001 /* TransitionDissolve.metal in Sources */,
				F10002 /* PostProcess.metal in Sources */,
			);
			runOnlyForDeploymentPostprocessing = 0;
		};
/* End PBXSourcesBuildPhase section */

/* Begin XCBuildConfiguration section */
		AB0001 /* Debug */ = {
			isa = XCBuildConfiguration;
			buildSettings = {
				ALWAYS_SEARCH_USER_PATHS = NO;
				CLANG_CXX_LANGUAGE_STANDARD = "gnu++20";
				CLANG_ENABLE_MODULES = YES;
				CLANG_ENABLE_OBJC_ARC = YES;
				CODE_SIGN_STYLE = Automatic;
				COPY_PHASE_STRIP = NO;
				DEBUG_INFORMATION_FORMAT = dwarf;
				GCC_DYNAMIC_NO_PIC = NO;
				GCC_OPTIMIZATION_LEVEL = 0;
				GCC_PREPROCESSOR_DEFINITIONS = (
					"DEBUG=1",
					"$(inherited)",
				);
				MACOSX_DEPLOYMENT_TARGET = 14.0;
				MTL_ENABLE_DEBUG_INFO = INCLUDE_SOURCE;
				MTL_FAST_MATH = YES;
				MTL_HEADER_SEARCH_PATHS = "$(SRCROOT)/ShaderLab";
				ONLY_ACTIVE_ARCH = YES;
				SDKROOT = macosx;
				SWIFT_ACTIVE_COMPILATION_CONDITIONS = DEBUG;
				SWIFT_OPTIMIZATION_LEVEL = "-Onone";
			};
			name = Debug;
		};
		AB0002 /* Release */ = {
			isa = XCBuildConfiguration;
			buildSettings = {
				ALWAYS_SEARCH_USER_PATHS = NO;
				CLANG_CXX_LANGUAGE_STANDARD = "gnu++20";
				CLANG_ENABLE_MODULES = YES;
				CLANG_ENABLE_OBJC_ARC = YES;
				CODE_SIGN_STYLE = Automatic;
				COPY_PHASE_STRIP = NO;
				DEBUG_INFORMATION_FORMAT = "dwarf-with-dsym";
				MACOSX_DEPLOYMENT_TARGET = 14.0;
				MTL_ENABLE_DEBUG_INFO = NO;
				MTL_FAST_MATH = YES;
				MTL_HEADER_SEARCH_PATHS = "$(SRCROOT)/ShaderLab";
				SDKROOT = macosx;
				SWIFT_COMPILATION_MODE = wholemodule;
				SWIFT_OPTIMIZATION_LEVEL = "-O";
			};
			name = Release;
		};
		AB0003 /* Debug */ = {
			isa = XCBuildConfiguration;
			buildSettings = {
				ASSETCATALOG_COMPILER_APPICON_NAME = AppIcon;
				CODE_SIGN_STYLE = Automatic;
				COMBINE_HIDPI_IMAGES = YES;
				CURRENT_PROJECT_VERSION = 1;
				GENERATE_INFOPLIST_FILE = YES;
				INFOPLIST_KEY_LSApplicationCategoryType = "public.app-category.developer-tools";
				INFOPLIST_KEY_NSHumanReadableCopyright = "";
				LD_RUNPATH_SEARCH_PATHS = (
					"$(inherited)",
					"@executable_path/../Frameworks",
				);
				MARKETING_VERSION = 1.0;
				PRODUCT_BUNDLE_IDENTIFIER = com.fadicode.ShaderLab;
				PRODUCT_NAME = "$(TARGET_NAME)";
				SWIFT_EMIT_LOC_STRINGS = YES;
				SWIFT_VERSION = 5.0;
			};
			name = Debug;
		};
		AB0004 /* Release */ = {
			isa = XCBuildConfiguration;
			buildSettings = {
				ASSETCATALOG_COMPILER_APPICON_NAME = AppIcon;
				CODE_SIGN_STYLE = Automatic;
				COMBINE_HIDPI_IMAGES = YES;
				CURRENT_PROJECT_VERSION = 1;
				GENERATE_INFOPLIST_FILE = YES;
				INFOPLIST_KEY_LSApplicationCategoryType = "public.app-category.developer-tools";
				INFOPLIST_KEY_NSHumanReadableCopyright = "";
				LD_RUNPATH_SEARCH_PATHS = (
					"$(inherited)",
					"@executable_path/../Frameworks",
				);
				MARKETING_VERSION = 1.0;
				PRODUCT_BUNDLE_IDENTIFIER = com.fadicode.ShaderLab;
				PRODUCT_NAME = "$(TARGET_NAME)";
				SWIFT_EMIT_LOC_STRINGS = YES;
				SWIFT_VERSION = 5.0;
			};
			name = Release;
		};
/* End XCBuildConfiguration section */

/* Begin XCConfigurationList section */
		A80001 /* Build configuration list for PBXNativeTarget "ShaderLab" */ = {
			isa = XCConfigurationList;
			buildConfigurations = (
				AB0003 /* Debug */,
				AB0004 /* Release */,
			);
			defaultConfigurationIsVisible = 0;
			defaultConfigurationName = Release;
		};
		A80002 /* Build configuration list for PBXProject "ShaderLab" */ = {
			isa = XCConfigurationList;
			buildConfigurations = (
				AB0001 /* Debug */,
				AB0002 /* Release */,
			);
			defaultConfigurationIsVisible = 0;
			defaultConfigurationName = Release;
		};
/* End XCConfigurationList section */

	};
	rootObject = A90001 /* Project object */;
}
